
Microsoft Visual Studio Solution File, Format Version 12.00
# Visual Studio 14
VisualStudioVersion = 14.0.23107.0
MinimumVisualStudioVersion = 10.0.40219.1
Project("{FAE04EC0-301F-11D3-BF4B-00C04F79EFBC}") = "EvolineAPI", "EvolineAPI\EvolineAPI.csproj", "{BCB98027-1D3D-4C33-9481-0723C2B9FCF3}"
EndProject
Project("{FAE04EC0-301F-11D3-BF4B-00C04F79EFBC}") = "Test", "Test\Test.csproj", "{548CE344-608C-4E87-896E-452D874F351A}"
EndProject
Global
	GlobalSection(SolutionConfigurationPlatforms) = preSolution
		Debug|Any CPU = Debug|Any CPU
		Release|Any CPU = Release|Any CPU
	EndGlobalSection
	GlobalSection(ProjectConfigurationPlatforms) = postSolution
		{BCB98027-1D3D-4C33-9481-0723C2B9FCF3}.Debug|Any CPU.ActiveCfg = Debug|Any CPU
		{BCB98027-1D3D-4C33-9481-0723C2B9FCF3}.Debug|Any CPU.Build.0 = Debug|Any CPU
		{BCB98027-1D3D-4C33-9481-0723C2B9FCF3}.Release|Any CPU.ActiveCfg = Release|Any CPU
		{BCB98027-1D3D-4C33-9481-0723C2B9FCF3}.Release|Any CPU.Build.0 = Release|Any CPU
		{548CE344-608C-4E87-896E-452D874F351A}.Debug|Any CPU.ActiveCfg = Debug|Any CPU
		{548CE344-608C-4E87-896E-452D874F351A}.Debug|Any CPU.Build.0 = Debug|Any CPU
		{548CE344-608C-4E87-896E-452D874F351A}.Release|Any CPU.ActiveCfg = Release|Any CPU
		{548CE344-608C-4E87-896E-452D874F351A}.Release|Any CPU.Build.0 = Release|Any CPU
	EndGlobalSection
	GlobalSection(SolutionProperties) = preSolution
		HideSolutionNode = FALSE
	EndGlobalSection
EndGlobal
